PODS:
  - RxCocoa (2.6.0):
    - RxSwift (~> 2.5)
  - RxSwift (2.6.0)
  - SnapKit (0.22.0)

DEPENDENCIES:
  - RxCocoa (~> 2.6)
  - RxSwift (~> 2.6)
  - SnapKit (~> 0.21)

SPEC CHECKSUMS:
  RxCocoa: 89ab00d5753502520227940e3a0e0a0413683c6b
  RxSwift: 77f3a0b15324baa7a1c9bfa9f199648a82424e26
  SnapKit: 0dd2fd157330f1ea11fd84da13e6be8a7a22bae0

PODFILE CHECKSUM: 4f9373106e4cfbdd99beec3b16ae4e1e3be4c5c2

COCOAPODS: 1.0.1
